PODS:
  - Nuke (8.4.1)
  - SnapKit (5.6.0)
  - SQLite.swift (0.13.3):
    - SQLite.swift/standard (= 0.13.3)
  - SQLite.swift/standard (0.13.3)
  - WebimChat (1.0.6):
    - Nuke (~> 8.0)
    - SnapKit (~> 5.6.0)
    - WebimClientLibraryUpdated (~> 3.38.5)
  - WebimClientLibraryUpdated (3.38.5):
    - SQLite.swift (= 0.13.3)

DEPENDENCIES:
  - WebimChat (from `../`)

SPEC REPOS:
  https://github.com/CocoaPods/Specs.git:
    - Nuke
    - SnapKit
    - SQLite.swift
    - WebimClientLibraryUpdated

EXTERNAL SOURCES:
  WebimChat:
    :path: "../"

SPEC CHECKSUMS:
  Nuke: d780e3507a86b86c589ab3cc5cd302d5456f06fb
  SnapKit: e01d52ebb8ddbc333eefe2132acf85c8227d9c25
  SQLite.swift: 903bfa3bc9ab06345fdfbb578e34f47cfcf417da
  WebimChat: 44ba3338d4bba32cb3fdc2f24026a56d77ab591e
  WebimClientLibraryUpdated: 1cf247fe42eea4be7264311561d4e0c7c59434ba

PODFILE CHECKSUM: f7f0e9efdc164a8d94cd4c97e4954d176e98980f

COCOAPODS: 1.12.1
