PODS:
  - Nuke (8.4.1)
  - SnapKit (5.6.0)
  - SQLite.swift (0.13.3):
    - SQLite.swift/standard (= 0.13.3)
  - SQLite.swift/standard (0.13.3)
  - WebimChat (1.0.6):
    - Nuke (~> 8.0)
    - SnapKit (~> 5.6.0)
    - WebimClientLibraryUpdated (~> 3.38.4)
  - WebimClientLibraryUpdated (3.38.4):
    - SQLite.swift (= 0.13.3)

DEPENDENCIES:
  - WebimChat (from `../`)

SPEC REPOS:
  https://github.com/CocoaPods/Specs.git:
    - Nuke
    - SnapKit
    - SQLite.swift
    - WebimClientLibraryUpdated

EXTERNAL SOURCES:
  WebimChat:
    :path: "../"

SPEC CHECKSUMS:
  Nuke: d780e3507a86b86c589ab3cc5cd302d5456f06fb
  SnapKit: e01d52ebb8ddbc333eefe2132acf85c8227d9c25
  SQLite.swift: 903bfa3bc9ab06345fdfbb578e34f47cfcf417da
  WebimChat: 54b6990853234d90c7c29822909ad3c7ee79950c
  WebimClientLibraryUpdated: 9cc62d22f3b422cc0e9e71108f686cc571e329cf

PODFILE CHECKSUM: f7f0e9efdc164a8d94cd4c97e4954d176e98980f

COCOAPODS: 1.12.1
